// !$*UTF8*$!
{
	archiveVersion = 1;
	classes = {
	};
	objectVersion = 56;
	objects = {

/* Begin PBXBuildFile section */
		550B1D4B29032D0E00D71429 /* AppDelegate.swift in Sources */ = {isa = PBXBuildFile; fileRef = 550B1D4A29032D0E00D71429 /* AppDelegate.swift */; };
		550B1D4D29032D0E00D71429 /* SceneDelegate.swift in Sources */ = {isa = PBXBuildFile; fileRef = 550B1D4C29032D0E00D71429 /* SceneDelegate.swift */; };
		550B1D4F29032D0E00D71429 /* ViewController.swift in Sources */ = {isa = PBXBuildFile; fileRef = 550B1D4E29032D0E00D71429 /* ViewController.swift */; };
		550B1D5229032D0E00D71429 /* Main.storyboard in Resources */ = {isa = PBXBuildFile; fileRef = 550B1D5029032D0E00D71429 /* Main.storyboard */; };
		550B1D5429032D0F00D71429 /* Assets.xcassets in Resources */ = {isa = PBXBuildFile; fileRef = 550B1D5329032D0F00D71429 /* Assets.xcassets */; };
		550B1D5729032D0F00D71429 /* LaunchScreen.storyboard in Resources */ = {isa = PBXBuildFile; fileRef = 550B1D5529032D0F00D71429 /* LaunchScreen.storyboard */; };
		550B1D6229032E2F00D71429 /* MachineInfo.swift in Sources */ = {isa = PBXBuildFile; fileRef = 550B1D5E29032E2F00D71429 /* MachineInfo.swift */; };
		550B1D6629032ED300D71429 /* Sentry in Frameworks */ = {isa = PBXBuildFile; productRef = 550B1D6529032ED300D71429 /* Sentry */; };
		550B1D6A29032FFC00D71429 /* uname-wrapper.c in Sources */ = {isa = PBXBuildFile; fileRef = 550B1D6929032FFC00D71429 /* uname-wrapper.c */; };
/* End PBXBuildFile section */

/* Begin PBXFileReference section */
		550B1D4729032D0E00D71429 /* SampleUI.app */ = {isa = PBXFileReference; explicitFileType = wrapper.application; includeInIndex = 0; path = SampleUI.app; sourceTree = BUILT_PRODUCTS_DIR; };
		550B1D4A29032D0E00D71429 /* AppDelegate.swift */ = {isa = PBXFileReference; lastKnownFileType = sourcecode.swift; path = AppDelegate.swift; sourceTree = "<group>"; };
		550B1D4C29032D0E00D71429 /* SceneDelegate.swift */ = {isa = PBXFileReference; lastKnownFileType = sourcecode.swift; path = SceneDelegate.swift; sourceTree = "<group>"; };
		550B1D4E29032D0E00D71429 /* ViewController.swift */ = {isa = PBXFileReference; lastKnownFileType = sourcecode.swift; path = ViewController.swift; sourceTree = "<group>"; };
		550B1D5129032D0E00D71429 /* Base */ = {isa = PBXFileReference; lastKnownFileType = file.storyboard; name = Base; path = Base.lproj/Main.storyboard; sourceTree = "<group>"; };
		550B1D5329032D0F00D71429 /* Assets.xcassets */ = {isa = PBXFileReference; lastKnownFileType = folder.assetcatalog; path = Assets.xcassets; sourceTree = "<group>"; };
		550B1D5629032D0F00D71429 /* Base */ = {isa = PBXFileReference; lastKnownFileType = file.storyboard; name = Base; path = Base.lproj/LaunchScreen.storyboard; sourceTree = "<group>"; };
		550B1D5829032D0F00D71429 /* Info.plist */ = {isa = PBXFileReference; lastKnownFileType = text.plist.xml; path = Info.plist; sourceTree = "<group>"; };
		550B1D5E29032E2F00D71429 /* MachineInfo.swift */ = {isa = PBXFileReference; fileEncoding = 4; lastKnownFileType = sourcecode.swift; path = MachineInfo.swift; sourceTree = "<group>"; };
		550B1D6729032FFB00D71429 /* SampleUI-Bridging-Header.h */ = {isa = PBXFileReference; lastKnownFileType = sourcecode.c.h; path = "SampleUI-Bridging-Header.h"; sourceTree = "<group>"; };
		550B1D6829032FFC00D71429 /* uname-wrapper.h */ = {isa = PBXFileReference; fileEncoding = 4; lastKnownFileType = sourcecode.c.h; path = "uname-wrapper.h"; sourceTree = "<group>"; };
		550B1D6929032FFC00D71429 /* uname-wrapper.c */ = {isa = PBXFileReference; fileEncoding = 4; lastKnownFileType = sourcecode.c.c; path = "uname-wrapper.c"; sourceTree = "<group>"; };
/* End PBXFileReference section */

/* Begin PBXFrameworksBuildPhase section */
		550B1D4429032D0E00D71429 /* Frameworks */ = {
			isa = PBXFrameworksBuildPhase;
			buildActionMask = 2147483647;
			files = (
				550B1D6629032ED300D71429 /* Sentry in Frameworks */,
			);
			runOnlyForDeploymentPostprocessing = 0;
		};
/* End PBXFrameworksBuildPhase section */

/* Begin PBXGroup section */
		550B1D3E29032D0E00D71429 = {
			isa = PBXGroup;
			children = (
				550B1D4929032D0E00D71429 /* SampleUI */,
				550B1D4829032D0E00D71429 /* Products */,
			);
			sourceTree = "<group>";
		};
		550B1D4829032D0E00D71429 /* Products */ = {
			isa = PBXGroup;
			children = (
				550B1D4729032D0E00D71429 /* SampleUI.app */,
			);
			name = Products;
			sourceTree = "<group>";
		};
		550B1D4929032D0E00D71429 /* SampleUI */ = {
			isa = PBXGroup;
			children = (
				550B1D6929032FFC00D71429 /* uname-wrapper.c */,
				550B1D6829032FFC00D71429 /* uname-wrapper.h */,
				550B1D5E29032E2F00D71429 /* MachineInfo.swift */,
				550B1D4A29032D0E00D71429 /* AppDelegate.swift */,
				550B1D4C29032D0E00D71429 /* SceneDelegate.swift */,
				550B1D4E29032D0E00D71429 /* ViewController.swift */,
				550B1D5029032D0E00D71429 /* Main.storyboard */,
				550B1D5329032D0F00D71429 /* Assets.xcassets */,
				550B1D5529032D0F00D71429 /* LaunchScreen.storyboard */,
				550B1D5829032D0F00D71429 /* Info.plist */,
				550B1D6729032FFB00D71429 /* SampleUI-Bridging-Header.h */,
			);
			path = SampleUI;
			sourceTree = "<group>";
		};
/* End PBXGroup section */

/* Begin PBXNativeTarget section */
		550B1D4629032D0E00D71429 /* SampleUI */ = {
			isa = PBXNativeTarget;
			buildConfigurationList = 550B1D5B29032D0F00D71429 /* Build configuration list for PBXNativeTarget "SampleUI" */;
			buildPhases = (
				550B1D4329032D0E00D71429 /* Sources */,
				550B1D4429032D0E00D71429 /* Frameworks */,
				550B1D4529032D0E00D71429 /* Resources */,
			);
			buildRules = (
			);
			dependencies = (
			);
			name = SampleUI;
			packageProductDependencies = (
				550B1D6529032ED300D71429 /* Sentry */,
			);
			productName = SampleUI;
			productReference = 550B1D4729032D0E00D71429 /* SampleUI.app */;
			productType = "com.apple.product-type.application";
		};
/* End PBXNativeTarget section */

/* Begin PBXProject section */
		550B1D3F29032D0E00D71429 /* Project object */ = {
			isa = PBXProject;
			attributes = {
				BuildIndependentTargetsInParallel = 1;
				LastSwiftUpdateCheck = 1400;
				LastUpgradeCheck = 1400;
				TargetAttributes = {
					550B1D4629032D0E00D71429 = {
						CreatedOnToolsVersion = 14.0.1;
						LastSwiftMigration = 1400;
					};
				};
			};
			buildConfigurationList = 550B1D4229032D0E00D71429 /* Build configuration list for PBXProject "SampleUI" */;
			compatibilityVersion = "Xcode 14.0";
			developmentRegion = en;
			hasScannedForEncodings = 0;
			knownRegions = (
				en,
				Base,
			);
			mainGroup = 550B1D3E29032D0E00D71429;
			packageReferences = (
				550B1D6429032ED300D71429 /* XCRemoteSwiftPackageReference "sentry-cocoa" */,
			);
			productRefGroup = 550B1D4829032D0E00D71429 /* Products */;
			projectDirPath = "";
			projectRoot = "";
			targets = (
				550B1D4629032D0E00D71429 /* SampleUI */,
			);
		};
/* End PBXProject section */

/* Begin PBXResourcesBuildPhase section */
		550B1D4529032D0E00D71429 /* Resources */ = {
			isa = PBXResourcesBuildPhase;
			buildActionMask = 2147483647;
			files = (
				550B1D5729032D0F00D71429 /* LaunchScreen.storyboard in Resources */,
				550B1D5429032D0F00D71429 /* Assets.xcassets in Resources */,
				550B1D5229032D0E00D71429 /* Main.storyboard in Resources */,
			);
			runOnlyForDeploymentPostprocessing = 0;
		};
/* End PBXResourcesBuildPhase section */

/* Begin PBXSourcesBuildPhase section */
		550B1D4329032D0E00D71429 /* Sources */ = {
			isa = PBXSourcesBuildPhase;
			buildActionMask = 2147483647;
			files = (
				550B1D4F29032D0E00D71429 /* ViewController.swift in Sources */,
				550B1D6A29032FFC00D71429 /* uname-wrapper.c in Sources */,
				550B1D6229032E2F00D71429 /* MachineInfo.swift in Sources */,
				550B1D4B29032D0E00D71429 /* AppDelegate.swift in Sources */,
				550B1D4D29032D0E00D71429 /* SceneDelegate.swift in Sources */,
			);
			runOnlyForDeploymentPostprocessing = 0;
		};
/* End PBXSourcesBuildPhase section */

/* Begin PBXVariantGroup section */
		550B1D5029032D0E00D71429 /* Main.storyboard */ = {
			isa = PBXVariantGroup;
			children = (
				550B1D5129032D0E00D71429 /* Base */,
			);
			name = Main.storyboard;
			sourceTree = "<group>";
		};
		550B1D5529032D0F00D71429 /* LaunchScreen.storyboard */ = {
			isa = PBXVariantGroup;
			children = (
				550B1D5629032D0F00D71429 /* Base */,
			);
			name = LaunchScreen.storyboard;
			sourceTree = "<group>";
		};
/* End PBXVariantGroup section */

/* Begin XCBuildConfiguration section */
		550B1D5929032D0F00D71429 /* Debug */ = {
			isa = XCBuildConfiguration;
			buildSettings = {
				ALWAYS_SEARCH_USER_PATHS = NO;
				CLANG_ANALYZER_NONNULL = YES;
				CLANG_ANALYZER_NUMBER_OBJECT_CONVERSION = YES_AGGRESSIVE;
				CLANG_CXX_LANGUAGE_STANDARD = "gnu++20";
				CLANG_ENABLE_MODULES = YES;
				CLANG_ENABLE_OBJC_ARC = YES;
				CLANG_ENABLE_OBJC_WEAK = YES;
				CLANG_WARN_BLOCK_CAPTURE_AUTORELEASING = YES;
				CLANG_WARN_BOOL_CONVERSION = YES;
				CLANG_WARN_COMMA = YES;
				CLANG_WARN_CONSTANT_CONVERSION = YES;
				CLANG_WARN_DEPRECATED_OBJC_IMPLEMENTATIONS = YES;
				CLANG_WARN_DIRECT_OBJC_ISA_USAGE = YES_ERROR;
				CLANG_WARN_DOCUMENTATION_COMMENTS = YES;
				CLANG_WARN_EMPTY_BODY = YES;
				CLANG_WARN_ENUM_CONVERSION = YES;
				CLANG_WARN_INFINITE_RECURSION = YES;
				CLANG_WARN_INT_CONVERSION = YES;
				CLANG_WARN_NON_LITERAL_NULL_CONVERSION = YES;
				CLANG_WARN_OBJC_IMPLICIT_RETAIN_SELF = YES;
				CLANG_WARN_OBJC_LITERAL_CONVERSION = YES;
				CLANG_WARN_OBJC_ROOT_CLASS = YES_ERROR;
				CLANG_WARN_QUOTED_INCLUDE_IN_FRAMEWORK_HEADER = YES;
				CLANG_WARN_RANGE_LOOP_ANALYSIS = YES;
				CLANG_WARN_STRICT_PROTOTYPES = YES;
				CLANG_WARN_SUSPICIOUS_MOVE = YES;
				CLANG_WARN_UNGUARDED_AVAILABILITY = YES_AGGRESSIVE;
				CLANG_WARN_UNREACHABLE_CODE = YES;
				CLANG_WARN__DUPLICATE_METHOD_MATCH = YES;
				COPY_PHASE_STRIP = NO;
				DEBUG_INFORMATION_FORMAT = dwarf;
				ENABLE_STRICT_OBJC_MSGSEND = YES;
				ENABLE_TESTABILITY = YES;
				GCC_C_LANGUAGE_STANDARD = gnu11;
				GCC_DYNAMIC_NO_PIC = NO;
				GCC_NO_COMMON_BLOCKS = YES;
				GCC_OPTIMIZATION_LEVEL = 0;
				GCC_PREPROCESSOR_DEFINITIONS = (
					"DEBUG=1",
					"$(inherited)",
				);
				GCC_WARN_64_TO_32_BIT_CONVERSION = YES;
				GCC_WARN_ABOUT_RETURN_TYPE = YES_ERROR;
				GCC_WARN_UNDECLARED_SELECTOR = YES;
				GCC_WARN_UNINITIALIZED_AUTOS = YES_AGGRESSIVE;
				GCC_WARN_UNUSED_FUNCTION = YES;
				GCC_WARN_UNUSED_VARIABLE = YES;
				IPHONEOS_DEPLOYMENT_TARGET = 16.0;
				MTL_ENABLE_DEBUG_INFO = INCLUDE_SOURCE;
				MTL_FAST_MATH = YES;
				ONLY_ACTIVE_ARCH = YES;
				SDKROOT = iphoneos;
				SWIFT_ACTIVE_COMPILATION_CONDITIONS = DEBUG;
				SWIFT_OPTIMIZATION_LEVEL = "-Onone";
			};
			name = Debug;
		};
		550B1D5A29032D0F00D71429 /* Release */ = {
			isa = XCBuildConfiguration;
			buildSettings = {
				ALWAYS_SEARCH_USER_PATHS = NO;
				CLANG_ANALYZER_NONNULL = YES;
				CLANG_ANALYZER_NUMBER_OBJECT_CONVERSION = YES_AGGRESSIVE;
				CLANG_CXX_LANGUAGE_STANDARD = "gnu++20";
				CLANG_ENABLE_MODULES = YES;
				CLANG_ENABLE_OBJC_ARC = YES;
				CLANG_ENABLE_OBJC_WEAK = YES;
				CLANG_WARN_BLOCK_CAPTURE_AUTORELEASING = YES;
				CLANG_WARN_BOOL_CONVERSION = YES;
				CLANG_WARN_COMMA = YES;
				CLANG_WARN_CONSTANT_CONVERSION = YES;
				CLANG_WARN_DEPRECATED_OBJC_IMPLEMENTATIONS = YES;
				CLANG_WARN_DIRECT_OBJC_ISA_USAGE = YES_ERROR;
				CLANG_WARN_DOCUMENTATION_COMMENTS = YES;
				CLANG_WARN_EMPTY_BODY = YES;
				CLANG_WARN_ENUM_CONVERSION = YES;
				CLANG_WARN_INFINITE_RECURSION = YES;
				CLANG_WARN_INT_CONVERSION = YES;
				CLANG_WARN_NON_LITERAL_NULL_CONVERSION = YES;
				CLANG_WARN_OBJC_IMPLICIT_RETAIN_SELF = YES;
				CLANG_WARN_OBJC_LITERAL_CONVERSION = YES;
				CLANG_WARN_OBJC_ROOT_CLASS = YES_ERROR;
				CLANG_WARN_QUOTED_INCLUDE_IN_FRAMEWORK_HEADER = YES;
				CLANG_WARN_RANGE_LOOP_ANALYSIS = YES;
				CLANG_WARN_STRICT_PROTOTYPES = YES;
				CLANG_WARN_SUSPICIOUS_MOVE = YES;
				CLANG_WARN_UNGUARDED_AVAILABILITY = YES_AGGRESSIVE;
				CLANG_WARN_UNREACHABLE_CODE = YES;
				CLANG_WARN__DUPLICATE_METHOD_MATCH = YES;
				COPY_PHASE_STRIP = NO;
				DEBUG_INFORMATION_FORMAT = "dwarf-with-dsym";
				ENABLE_NS_ASSERTIONS = NO;
				ENABLE_STRICT_OBJC_MSGSEND = YES;
				GCC_C_LANGUAGE_STANDARD = gnu11;
				GCC_NO_COMMON_BLOCKS = YES;
				GCC_WARN_64_TO_32_BIT_CONVERSION = YES;
				GCC_WARN_ABOUT_RETURN_TYPE = YES_ERROR;
				GCC_WARN_UNDECLARED_SELECTOR = YES;
				GCC_WARN_UNINITIALIZED_AUTOS = YES_AGGRESSIVE;
				GCC_WARN_UNUSED_FUNCTION = YES;
				GCC_WARN_UNUSED_VARIABLE = YES;
				IPHONEOS_DEPLOYMENT_TARGET = 16.0;
				MTL_ENABLE_DEBUG_INFO = NO;
				MTL_FAST_MATH = YES;
				SDKROOT = iphoneos;
				SWIFT_COMPILATION_MODE = wholemodule;
				SWIFT_OPTIMIZATION_LEVEL = "-O";
				VALIDATE_PRODUCT = YES;
			};
			name = Release;
		};
		550B1D5C29032D0F00D71429 /* Debug */ = {
			isa = XCBuildConfiguration;
			buildSettings = {
				ASSETCATALOG_COMPILER_APPICON_NAME = AppIcon;
				ASSETCATALOG_COMPILER_GLOBAL_ACCENT_COLOR_NAME = AccentColor;
				CLANG_ENABLE_MODULES = YES;
				CODE_SIGN_STYLE = Automatic;
				CURRENT_PROJECT_VERSION = 1;
				DEVELOPMENT_TEAM = 8YFR2R44GU;
				GENERATE_INFOPLIST_FILE = YES;
				INFOPLIST_FILE = SampleUI/Info.plist;
				INFOPLIST_KEY_UIApplicationSupportsIndirectInputEvents = YES;
				INFOPLIST_KEY_UILaunchStoryboardName = LaunchScreen;
				INFOPLIST_KEY_UIMainStoryboardFile = Main;
				INFOPLIST_KEY_UISupportedInterfaceOrientations_iPad = "UIInterfaceOrientationPortrait UIInterfaceOrientationPortraitUpsideDown UIInterfaceOrientationLandscapeLeft UIInterfaceOrientationLandscapeRight";
				INFOPLIST_KEY_UISupportedInterfaceOrientations_iPhone = "UIInterfaceOrientationPortrait UIInterfaceOrientationLandscapeLeft UIInterfaceOrientationLandscapeRight";
				LD_RUNPATH_SEARCH_PATHS = (
					"$(inherited)",
					"@executable_path/Frameworks",
				);
				MARKETING_VERSION = 1.0;
				PRODUCT_BUNDLE_IDENTIFIER = ca.jmlsoftware.SampleUI;
				PRODUCT_NAME = "$(TARGET_NAME)";
				SWIFT_EMIT_LOC_STRINGS = YES;
				SWIFT_OBJC_BRIDGING_HEADER = "SampleUI/SampleUI-Bridging-Header.h";
				SWIFT_OPTIMIZATION_LEVEL = "-Onone";
				SWIFT_VERSION = 5.0;
				TARGETED_DEVICE_FAMILY = "1,2";
			};
			name = Debug;
		};
		550B1D5D29032D0F00D71429 /* Release */ = {
			isa = XCBuildConfiguration;
			buildSettings = {
				ASSETCATALOG_COMPILER_APPICON_NAME = AppIcon;
				ASSETCATALOG_COMPILER_GLOBAL_ACCENT_COLOR_NAME = AccentColor;
				CLANG_ENABLE_MODULES = YES;
				CODE_SIGN_STYLE = Automatic;
				CURRENT_PROJECT_VERSION = 1;
				DEVELOPMENT_TEAM = 8YFR2R44GU;
				GENERATE_INFOPLIST_FILE = YES;
				INFOPLIST_FILE = SampleUI/Info.plist;
				INFOPLIST_KEY_UIApplicationSupportsIndirectInputEvents = YES;
				INFOPLIST_KEY_UILaunchStoryboardName = LaunchScreen;
				INFOPLIST_KEY_UIMainStoryboardFile = Main;
				INFOPLIST_KEY_UISupportedInterfaceOrientations_iPad = "UIInterfaceOrientationPortrait UIInterfaceOrientationPortraitUpsideDown UIInterfaceOrientationLandscapeLeft UIInterfaceOrientationLandscapeRight";
				INFOPLIST_KEY_UISupportedInterfaceOrientations_iPhone = "UIInterfaceOrientationPortrait UIInterfaceOrientationLandscapeLeft UIInterfaceOrientationLandscapeRight";
				LD_RUNPATH_SEARCH_PATHS = (
					"$(inherited)",
					"@executable_path/Frameworks",
				);
				MARKETING_VERSION = 1.0;
				PRODUCT_BUNDLE_IDENTIFIER = ca.jmlsoftware.SampleUI;
				PRODUCT_NAME = "$(TARGET_NAME)";
				SWIFT_EMIT_LOC_STRINGS = YES;
				SWIFT_OBJC_BRIDGING_HEADER = "SampleUI/SampleUI-Bridging-Header.h";
				SWIFT_VERSION = 5.0;
				TARGETED_DEVICE_FAMILY = "1,2";
			};
			name = Release;
		};
/* End XCBuildConfiguration section */

/* Begin XCConfigurationList section */
		550B1D4229032D0E00D71429 /* Build configuration list for PBXProject "SampleUI" */ = {
			isa = XCConfigurationList;
			buildConfigurations = (
				550B1D5929032D0F00D71429 /* Debug */,
				550B1D5A29032D0F00D71429 /* Release */,
			);
			defaultConfigurationIsVisible = 0;
			defaultConfigurationName = Release;
		};
		550B1D5B29032D0F00D71429 /* Build configuration list for PBXNativeTarget "SampleUI" */ = {
			isa = XCConfigurationList;
			buildConfigurations = (
				550B1D5C29032D0F00D71429 /* Debug */,
				550B1D5D29032D0F00D71429 /* Release */,
			);
			defaultConfigurationIsVisible = 0;
			defaultConfigurationName = Release;
		};
/* End XCConfigurationList section */

/* Begin XCRemoteSwiftPackageReference section */
		550B1D6429032ED300D71429 /* XCRemoteSwiftPackageReference "sentry-cocoa" */ = {
			isa = XCRemoteSwiftPackageReference;
			repositoryURL = "https://github.com/getsentry/sentry-cocoa/";
			requirement = {
				kind = upToNextMajorVersion;
				minimumVersion = 7.0.0;
			};
		};
/* End XCRemoteSwiftPackageReference section */

/* Begin XCSwiftPackageProductDependency section */
		550B1D6529032ED300D71429 /* Sentry */ = {
			isa = XCSwiftPackageProductDependency;
			package = 550B1D6429032ED300D71429 /* XCRemoteSwiftPackageReference "sentry-cocoa" */;
			productName = Sentry;
		};
/* End XCSwiftPackageProductDependency section */
	};
	rootObject = 550B1D3F29032D0E00D71429 /* Project object */;
}
