
Microsoft Visual Studio Solution File, Format Version 12.00
# Visual Studio Version 17
VisualStudioVersion = 17.3.32929.385
MinimumVisualStudioVersion = 10.0.40219.1
Project("{9A19103F-16F7-4668-BE54-9A1E7A4F7556}") = "MauiSample-win", "MauiSample\MauiSample-win.csproj", "{A96E7BCD-9FED-4E13-BFDE-0C4DC2D8B3EE}"
EndProject
Global
	GlobalSection(SolutionConfigurationPlatforms) = preSolution
		Debug|Any CPU = Debug|Any CPU
		Release|Any CPU = Release|Any CPU
	EndGlobalSection
	GlobalSection(ProjectConfigurationPlatforms) = postSolution
		{A96E7BCD-9FED-4E13-BFDE-0C4DC2D8B3EE}.Debug|Any CPU.ActiveCfg = Debug|Any CPU
		{A96E7BCD-9FED-4E13-BFDE-0C4DC2D8B3EE}.Debug|Any CPU.Build.0 = Debug|Any CPU
		{A96E7BCD-9FED-4E13-BFDE-0C4DC2D8B3EE}.Release|Any CPU.ActiveCfg = Release|Any CPU
		{A96E7BCD-9FED-4E13-BFDE-0C4DC2D8B3EE}.Release|Any CPU.Build.0 = Release|Any CPU
	EndGlobalSection
	GlobalSection(SolutionProperties) = preSolution
		HideSolutionNode = FALSE
	EndGlobalSection
	GlobalSection(ExtensibilityGlobals) = postSolution
		SolutionGuid = {62E72C67-0C62-4DEB-AD11-D006CDB5C1A4}
	EndGlobalSection
EndGlobal
